
Microsoft Visual Studio Solution File, Format Version 12.00
# Visual Studio 15
VisualStudioVersion = 15.0.28010.2036
MinimumVisualStudioVersion = 10.0.40219.1
Project("{FAE04EC0-301F-11D3-BF4B-00C04F79EFBC}") = "addressbook-web-tests", "addressbook-web-tests\addressbook-web-tests.csproj", "{F959C499-23E7-4617-8A8D-94756EECEB1D}"
EndProject
Global
	GlobalSection(SolutionConfigurationPlatforms) = preSolution
		Debug|Any CPU = Debug|Any CPU
		Release|Any CPU = Release|Any CPU
	EndGlobalSection
	GlobalSection(ProjectConfigurationPlatforms) = postSolution
		{F959C499-23E7-4617-8A8D-94756EECEB1D}.Debug|Any CPU.ActiveCfg = Debug|Any CPU
		{F959C499-23E7-4617-8A8D-94756EECEB1D}.Debug|Any CPU.Build.0 = Debug|Any CPU
		{F959C499-23E7-4617-8A8D-94756EECEB1D}.Release|Any CPU.ActiveCfg = Release|Any CPU
		{F959C499-23E7-4617-8A8D-94756EECEB1D}.Release|Any CPU.Build.0 = Release|Any CPU
	EndGlobalSection
	GlobalSection(SolutionProperties) = preSolution
		HideSolutionNode = FALSE
	EndGlobalSection
	GlobalSection(ExtensibilityGlobals) = postSolution
		SolutionGuid = {2CA68425-B004-4454-B663-405AF9A8E65C}
	EndGlobalSection
EndGlobal
